
Microsoft Visual Studio Solution File, Format Version 12.00
# Visual Studio 14
VisualStudioVersion = 14.0.22823.1
MinimumVisualStudioVersion = 10.0.40219.1
Project("{FAE04EC0-301F-11D3-BF4B-00C04F79EFBC}") = "Carbon.Css", "Carbon.Css\Carbon.Css.csproj", "{7EFEE97C-F942-47BB-86B6-AEBCADB81034}"
EndProject
Project("{FAE04EC0-301F-11D3-BF4B-00C04F79EFBC}") = "Carbon.Css.Tests", "Carbon.Css.Tests\Carbon.Css.Tests.csproj", "{1CC780F1-1E2E-42C8-82C0-F61B3C971449}"
EndProject
Project("{FAE04EC0-301F-11D3-BF4B-00C04F79EFBC}") = "Carbon.Color", "Carbon.Color\Carbon.Color.csproj", "{03EDD958-CECC-4830-ADDA-3AC928625A8F}"
EndProject
Global
	GlobalSection(SolutionConfigurationPlatforms) = preSolution
		Debug|Any CPU = Debug|Any CPU
		Release|Any CPU = Release|Any CPU
	EndGlobalSection
	GlobalSection(ProjectConfigurationPlatforms) = postSolution
		{7EFEE97C-F942-47BB-86B6-AEBCADB81034}.Debug|Any CPU.ActiveCfg = Debug|Any CPU
		{7EFEE97C-F942-47BB-86B6-AEBCADB81034}.Debug|Any CPU.Build.0 = Debug|Any CPU
		{7EFEE97C-F942-47BB-86B6-AEBCADB81034}.Release|Any CPU.ActiveCfg = Release|Any CPU
		{7EFEE97C-F942-47BB-86B6-AEBCADB81034}.Release|Any CPU.Build.0 = Release|Any CPU
		{1CC780F1-1E2E-42C8-82C0-F61B3C971449}.Debug|Any CPU.ActiveCfg = Debug|Any CPU
		{1CC780F1-1E2E-42C8-82C0-F61B3C971449}.Debug|Any CPU.Build.0 = Debug|Any CPU
		{1CC780F1-1E2E-42C8-82C0-F61B3C971449}.Release|Any CPU.ActiveCfg = Release|Any CPU
		{1CC780F1-1E2E-42C8-82C0-F61B3C971449}.Release|Any CPU.Build.0 = Release|Any CPU
		{03EDD958-CECC-4830-ADDA-3AC928625A8F}.Debug|Any CPU.ActiveCfg = Debug|Any CPU
		{03EDD958-CECC-4830-ADDA-3AC928625A8F}.Debug|Any CPU.Build.0 = Debug|Any CPU
		{03EDD958-CECC-4830-ADDA-3AC928625A8F}.Release|Any CPU.ActiveCfg = Release|Any CPU
		{03EDD958-CECC-4830-ADDA-3AC928625A8F}.Release|Any CPU.Build.0 = Release|Any CPU
	EndGlobalSection
	GlobalSection(SolutionProperties) = preSolution
		HideSolutionNode = FALSE
	EndGlobalSection
EndGlobal
