
Microsoft Visual Studio Solution File, Format Version 12.00
# Visual Studio 15
VisualStudioVersion = 15.0.26228.4
MinimumVisualStudioVersion = 10.0.40219.1
Project("{9A19103F-16F7-4668-BE54-9A1E7A4F7556}") = "Carbon.Css", "Carbon.Css\Carbon.Css.csproj", "{4711D09A-A6CD-46D0-ABD9-12DECD904976}"
EndProject
Project("{9A19103F-16F7-4668-BE54-9A1E7A4F7556}") = "Carbon.Css.Tests", "Carbon.Css.Tests\Carbon.Css.Tests.csproj", "{1C6E034B-5240-472A-A11A-17AE110D059F}"
EndProject
Global
	GlobalSection(SolutionConfigurationPlatforms) = preSolution
		Debug|Any CPU = Debug|Any CPU
		Release|Any CPU = Release|Any CPU
	EndGlobalSection
	GlobalSection(ProjectConfigurationPlatforms) = postSolution
		{4711D09A-A6CD-46D0-ABD9-12DECD904976}.Debug|Any CPU.ActiveCfg = Debug|Any CPU
		{4711D09A-A6CD-46D0-ABD9-12DECD904976}.Debug|Any CPU.Build.0 = Debug|Any CPU
		{4711D09A-A6CD-46D0-ABD9-12DECD904976}.Release|Any CPU.ActiveCfg = Release|Any CPU
		{4711D09A-A6CD-46D0-ABD9-12DECD904976}.Release|Any CPU.Build.0 = Release|Any CPU
		{1C6E034B-5240-472A-A11A-17AE110D059F}.Debug|Any CPU.ActiveCfg = Debug|Any CPU
		{1C6E034B-5240-472A-A11A-17AE110D059F}.Debug|Any CPU.Build.0 = Debug|Any CPU
		{1C6E034B-5240-472A-A11A-17AE110D059F}.Release|Any CPU.ActiveCfg = Release|Any CPU
		{1C6E034B-5240-472A-A11A-17AE110D059F}.Release|Any CPU.Build.0 = Release|Any CPU
	EndGlobalSection
	GlobalSection(SolutionProperties) = preSolution
		HideSolutionNode = FALSE
	EndGlobalSection
EndGlobal
